
Microsoft Visual Studio Solution File, Format Version 12.00
# Visual Studio Version 17
VisualStudioVersion = 17.9.34723.18
MinimumVisualStudioVersion = 10.0.40219.1
Project("{9A19103F-16F7-4668-BE54-9A1E7A4F7556}") = "NewBackoffice", "NewBackoffice\NewBackoffice\NewBackoffice.csproj", "{EC36BB09-C8F5-4A78-A8E1-CDF07B8EE26A}"
EndProject
Project("{9A19103F-16F7-4668-BE54-9A1E7A4F7556}") = "NewBackoffice.Client", "NewBackoffice\NewBackoffice.Client\NewBackoffice.Client.csproj", "{077389E1-D807-4225-B289-0232E774005C}"
EndProject
Global
	GlobalSection(SolutionConfigurationPlatforms) = preSolution
		Debug|Any CPU = Debug|Any CPU
		Release|Any CPU = Release|Any CPU
	EndGlobalSection
	GlobalSection(ProjectConfigurationPlatforms) = postSolution
		{EC36BB09-C8F5-4A78-A8E1-CDF07B8EE26A}.Debug|Any CPU.ActiveCfg = Debug|Any CPU
		{EC36BB09-C8F5-4A78-A8E1-CDF07B8EE26A}.Debug|Any CPU.Build.0 = Debug|Any CPU
		{EC36BB09-C8F5-4A78-A8E1-CDF07B8EE26A}.Release|Any CPU.ActiveCfg = Release|Any CPU
		{EC36BB09-C8F5-4A78-A8E1-CDF07B8EE26A}.Release|Any CPU.Build.0 = Release|Any CPU
		{077389E1-D807-4225-B289-0232E774005C}.Debug|Any CPU.ActiveCfg = Debug|Any CPU
		{077389E1-D807-4225-B289-0232E774005C}.Debug|Any CPU.Build.0 = Debug|Any CPU
		{077389E1-D807-4225-B289-0232E774005C}.Release|Any CPU.ActiveCfg = Release|Any CPU
		{077389E1-D807-4225-B289-0232E774005C}.Release|Any CPU.Build.0 = Release|Any CPU
	EndGlobalSection
	GlobalSection(SolutionProperties) = preSolution
		HideSolutionNode = FALSE
	EndGlobalSection
	GlobalSection(ExtensibilityGlobals) = postSolution
		SolutionGuid = {C050C99D-670B-4EDA-B329-5DE431E4108C}
	EndGlobalSection
EndGlobal
